// !$*UTF8*$!
{
	archiveVersion = 1;
	classes = {
	};
	objectVersion = 50;
	objects = {

/* Begin PBXBuildFile section */
		156468182683D51800BD9708 /* AstronautView.swift in Sources */ = {isa = PBXBuildFile; fileRef = 156468172683D51800BD9708 /* AstronautView.swift */; };
		157C834C26827FF1006C4A29 /* astronauts.json in Resources */ = {isa = PBXBuildFile; fileRef = 157C834A26827FF1006C4A29 /* astronauts.json */; };
		157C834D26827FF1006C4A29 /* missions.json in Resources */ = {isa = PBXBuildFile; fileRef = 157C834B26827FF1006C4A29 /* missions.json */; };
		157C834F268280FB006C4A29 /* Astronaut.swift in Sources */ = {isa = PBXBuildFile; fileRef = 157C834E268280FB006C4A29 /* Astronaut.swift */; };
		157C83512682828E006C4A29 /* Bundle-Decodable.swift in Sources */ = {isa = PBXBuildFile; fileRef = 157C83502682828E006C4A29 /* Bundle-Decodable.swift */; };
		157C83532682F813006C4A29 /* Mission.swift in Sources */ = {isa = PBXBuildFile; fileRef = 157C83522682F813006C4A29 /* Mission.swift */; };
		157C83572683932E006C4A29 /* MissionView.swift in Sources */ = {isa = PBXBuildFile; fileRef = 157C83562683932E006C4A29 /* MissionView.swift */; };
		15D387532680F5F5005A929B /* Project_8_Moonshot_SwiftUIApp.swift in Sources */ = {isa = PBXBuildFile; fileRef = 15D387522680F5F5005A929B /* Project_8_Moonshot_SwiftUIApp.swift */; };
		15D387552680F5F5005A929B /* ContentView.swift in Sources */ = {isa = PBXBuildFile; fileRef = 15D387542680F5F5005A929B /* ContentView.swift */; };
		15D387572680F5FA005A929B /* Assets.xcassets in Resources */ = {isa = PBXBuildFile; fileRef = 15D387562680F5FA005A929B /* Assets.xcassets */; };
		15D3875A2680F5FA005A929B /* Preview Assets.xcassets in Resources */ = {isa = PBXBuildFile; fileRef = 15D387592680F5FA005A929B /* Preview Assets.xcassets */; };
/* End PBXBuildFile section */

/* Begin PBXFileReference section */
		156468172683D51800BD9708 /* AstronautView.swift */ = {isa = PBXFileReference; lastKnownFileType = sourcecode.swift; path = AstronautView.swift; sourceTree = "<group>"; };
		157C834A26827FF1006C4A29 /* astronauts.json */ = {isa = PBXFileReference; fileEncoding = 4; lastKnownFileType = text.json; path = astronauts.json; sourceTree = "<group>"; };
		157C834B26827FF1006C4A29 /* missions.json */ = {isa = PBXFileReference; fileEncoding = 4; lastKnownFileType = text.json; path = missions.json; sourceTree = "<group>"; };
		157C834E268280FB006C4A29 /* Astronaut.swift */ = {isa = PBXFileReference; lastKnownFileType = sourcecode.swift; path = Astronaut.swift; sourceTree = "<group>"; };
		157C83502682828E006C4A29 /* Bundle-Decodable.swift */ = {isa = PBXFileReference; lastKnownFileType = sourcecode.swift; path = "Bundle-Decodable.swift"; sourceTree = "<group>"; };
		157C83522682F813006C4A29 /* Mission.swift */ = {isa = PBXFileReference; lastKnownFileType = sourcecode.swift; path = Mission.swift; sourceTree = "<group>"; };
		157C83562683932E006C4A29 /* MissionView.swift */ = {isa = PBXFileReference; lastKnownFileType = sourcecode.swift; path = MissionView.swift; sourceTree = "<group>"; };
		15D3874F2680F5F5005A929B /* Project-8-Moonshot-SwiftUI.app */ = {isa = PBXFileReference; explicitFileType = wrapper.application; includeInIndex = 0; path = "Project-8-Moonshot-SwiftUI.app"; sourceTree = BUILT_PRODUCTS_DIR; };
		15D387522680F5F5005A929B /* Project_8_Moonshot_SwiftUIApp.swift */ = {isa = PBXFileReference; lastKnownFileType = sourcecode.swift; path = Project_8_Moonshot_SwiftUIApp.swift; sourceTree = "<group>"; };
		15D387542680F5F5005A929B /* ContentView.swift */ = {isa = PBXFileReference; lastKnownFileType = sourcecode.swift; path = ContentView.swift; sourceTree = "<group>"; };
		15D387562680F5FA005A929B /* Assets.xcassets */ = {isa = PBXFileReference; lastKnownFileType = folder.assetcatalog; path = Assets.xcassets; sourceTree = "<group>"; };
		15D387592680F5FA005A929B /* Preview Assets.xcassets */ = {isa = PBXFileReference; lastKnownFileType = folder.assetcatalog; path = "Preview Assets.xcassets"; sourceTree = "<group>"; };
		15D3875B2680F5FA005A929B /* Info.plist */ = {isa = PBXFileReference; lastKnownFileType = text.plist.xml; path = Info.plist; sourceTree = "<group>"; };
/* End PBXFileReference section */

/* Begin PBXFrameworksBuildPhase section */
		15D3874C2680F5F5005A929B /* Frameworks */ = {
			isa = PBXFrameworksBuildPhase;
			buildActionMask = 2147483647;
			files = (
			);
			runOnlyForDeploymentPostprocessing = 0;
		};
/* End PBXFrameworksBuildPhase section */

/* Begin PBXGroup section */
		15D387462680F5F5005A929B = {
			isa = PBXGroup;
			children = (
				15D387512680F5F5005A929B /* Project-8-Moonshot-SwiftUI */,
				15D387502680F5F5005A929B /* Products */,
			);
			sourceTree = "<group>";
		};
		15D387502680F5F5005A929B /* Products */ = {
			isa = PBXGroup;
			children = (
				15D3874F2680F5F5005A929B /* Project-8-Moonshot-SwiftUI.app */,
			);
			name = Products;
			sourceTree = "<group>";
		};
		15D387512680F5F5005A929B /* Project-8-Moonshot-SwiftUI */ = {
			isa = PBXGroup;
			children = (
				15D387522680F5F5005A929B /* Project_8_Moonshot_SwiftUIApp.swift */,
				15D387542680F5F5005A929B /* ContentView.swift */,
				157C83562683932E006C4A29 /* MissionView.swift */,
				156468172683D51800BD9708 /* AstronautView.swift */,
				157C834E268280FB006C4A29 /* Astronaut.swift */,
				157C83522682F813006C4A29 /* Mission.swift */,
				15D387562680F5FA005A929B /* Assets.xcassets */,
				15D3875B2680F5FA005A929B /* Info.plist */,
				157C834A26827FF1006C4A29 /* astronauts.json */,
				157C834B26827FF1006C4A29 /* missions.json */,
				157C83502682828E006C4A29 /* Bundle-Decodable.swift */,
				15D387582680F5FA005A929B /* Preview Content */,
			);
			path = "Project-8-Moonshot-SwiftUI";
			sourceTree = "<group>";
		};
		15D387582680F5FA005A929B /* Preview Content */ = {
			isa = PBXGroup;
			children = (
				15D387592680F5FA005A929B /* Preview Assets.xcassets */,
			);
			path = "Preview Content";
			sourceTree = "<group>";
		};
/* End PBXGroup section */

/* Begin PBXNativeTarget section */
		15D3874E2680F5F5005A929B /* Project-8-Moonshot-SwiftUI */ = {
			isa = PBXNativeTarget;
			buildConfigurationList = 15D3875E2680F5FA005A929B /* Build configuration list for PBXNativeTarget "Project-8-Moonshot-SwiftUI" */;
			buildPhases = (
				15D3874B2680F5F5005A929B /* Sources */,
				15D3874C2680F5F5005A929B /* Frameworks */,
				15D3874D2680F5F5005A929B /* Resources */,
			);
			buildRules = (
			);
			dependencies = (
			);
			name = "Project-8-Moonshot-SwiftUI";
			productName = "Project-8-Moonshot-SwiftUI";
			productReference = 15D3874F2680F5F5005A929B /* Project-8-Moonshot-SwiftUI.app */;
			productType = "com.apple.product-type.application";
		};
/* End PBXNativeTarget section */

/* Begin PBXProject section */
		15D387472680F5F5005A929B /* Project object */ = {
			isa = PBXProject;
			attributes = {
				LastSwiftUpdateCheck = 1250;
				LastUpgradeCheck = 1250;
				TargetAttributes = {
					15D3874E2680F5F5005A929B = {
						CreatedOnToolsVersion = 12.5;
					};
				};
			};
			buildConfigurationList = 15D3874A2680F5F5005A929B /* Build configuration list for PBXProject "Project-8-Moonshot-SwiftUI" */;
			compatibilityVersion = "Xcode 9.3";
			developmentRegion = en;
			hasScannedForEncodings = 0;
			knownRegions = (
				en,
				Base,
			);
			mainGroup = 15D387462680F5F5005A929B;
			productRefGroup = 15D387502680F5F5005A929B /* Products */;
			projectDirPath = "";
			projectRoot = "";
			targets = (
				15D3874E2680F5F5005A929B /* Project-8-Moonshot-SwiftUI */,
			);
		};
/* End PBXProject section */

/* Begin PBXResourcesBuildPhase section */
		15D3874D2680F5F5005A929B /* Resources */ = {
			isa = PBXResourcesBuildPhase;
			buildActionMask = 2147483647;
			files = (
				157C834C26827FF1006C4A29 /* astronauts.json in Resources */,
				15D3875A2680F5FA005A929B /* Preview Assets.xcassets in Resources */,
				157C834D26827FF1006C4A29 /* missions.json in Resources */,
				15D387572680F5FA005A929B /* Assets.xcassets in Resources */,
			);
			runOnlyForDeploymentPostprocessing = 0;
		};
/* End PBXResourcesBuildPhase section */

/* Begin PBXSourcesBuildPhase section */
		15D3874B2680F5F5005A929B /* Sources */ = {
			isa = PBXSourcesBuildPhase;
			buildActionMask = 2147483647;
			files = (
				156468182683D51800BD9708 /* AstronautView.swift in Sources */,
				157C834F268280FB006C4A29 /* Astronaut.swift in Sources */,
				15D387552680F5F5005A929B /* ContentView.swift in Sources */,
				15D387532680F5F5005A929B /* Project_8_Moonshot_SwiftUIApp.swift in Sources */,
				157C83532682F813006C4A29 /* Mission.swift in Sources */,
				157C83512682828E006C4A29 /* Bundle-Decodable.swift in Sources */,
				157C83572683932E006C4A29 /* MissionView.swift in Sources */,
			);
			runOnlyForDeploymentPostprocessing = 0;
		};
/* End PBXSourcesBuildPhase section */

/* Begin XCBuildConfiguration section */
		15D3875C2680F5FA005A929B /* Debug */ = {
			isa = XCBuildConfiguration;
			buildSettings = {
				ALWAYS_SEARCH_USER_PATHS = NO;
				CLANG_ANALYZER_NONNULL = YES;
				CLANG_ANALYZER_NUMBER_OBJECT_CONVERSION = YES_AGGRESSIVE;
				CLANG_CXX_LANGUAGE_STANDARD = "gnu++14";
				CLANG_CXX_LIBRARY = "libc++";
				CLANG_ENABLE_MODULES = YES;
				CLANG_ENABLE_OBJC_ARC = YES;
				CLANG_ENABLE_OBJC_WEAK = YES;
				CLANG_WARN_BLOCK_CAPTURE_AUTORELEASING = YES;
				CLANG_WARN_BOOL_CONVERSION = YES;
				CLANG_WARN_COMMA = YES;
				CLANG_WARN_CONSTANT_CONVERSION = YES;
				CLANG_WARN_DEPRECATED_OBJC_IMPLEMENTATIONS = YES;
				CLANG_WARN_DIRECT_OBJC_ISA_USAGE = YES_ERROR;
				CLANG_WARN_DOCUMENTATION_COMMENTS = YES;
				CLANG_WARN_EMPTY_BODY = YES;
				CLANG_WARN_ENUM_CONVERSION = YES;
				CLANG_WARN_INFINITE_RECURSION = YES;
				CLANG_WARN_INT_CONVERSION = YES;
				CLANG_WARN_NON_LITERAL_NULL_CONVERSION = YES;
				CLANG_WARN_OBJC_IMPLICIT_RETAIN_SELF = YES;
				CLANG_WARN_OBJC_LITERAL_CONVERSION = YES;
				CLANG_WARN_OBJC_ROOT_CLASS = YES_ERROR;
				CLANG_WARN_QUOTED_INCLUDE_IN_FRAMEWORK_HEADER = YES;
				CLANG_WARN_RANGE_LOOP_ANALYSIS = YES;
				CLANG_WARN_STRICT_PROTOTYPES = YES;
				CLANG_WARN_SUSPICIOUS_MOVE = YES;
				CLANG_WARN_UNGUARDED_AVAILABILITY = YES_AGGRESSIVE;
				CLANG_WARN_UNREACHABLE_CODE = YES;
				CLANG_WARN__DUPLICATE_METHOD_MATCH = YES;
				COPY_PHASE_STRIP = NO;
				DEBUG_INFORMATION_FORMAT = dwarf;
				ENABLE_STRICT_OBJC_MSGSEND = YES;
				ENABLE_TESTABILITY = YES;
				GCC_C_LANGUAGE_STANDARD = gnu11;
				GCC_DYNAMIC_NO_PIC = NO;
				GCC_NO_COMMON_BLOCKS = YES;
				GCC_OPTIMIZATION_LEVEL = 0;
				GCC_PREPROCESSOR_DEFINITIONS = (
					"DEBUG=1",
					"$(inherited)",
				);
				GCC_WARN_64_TO_32_BIT_CONVERSION = YES;
				GCC_WARN_ABOUT_RETURN_TYPE = YES_ERROR;
				GCC_WARN_UNDECLARED_SELECTOR = YES;
				GCC_WARN_UNINITIALIZED_AUTOS = YES_AGGRESSIVE;
				GCC_WARN_UNUSED_FUNCTION = YES;
				GCC_WARN_UNUSED_VARIABLE = YES;
				IPHONEOS_DEPLOYMENT_TARGET = 14.5;
				MTL_ENABLE_DEBUG_INFO = INCLUDE_SOURCE;
				MTL_FAST_MATH = YES;
				ONLY_ACTIVE_ARCH = YES;
				SDKROOT = iphoneos;
				SWIFT_ACTIVE_COMPILATION_CONDITIONS = DEBUG;
				SWIFT_OPTIMIZATION_LEVEL = "-Onone";
			};
			name = Debug;
		};
		15D3875D2680F5FA005A929B /* Release */ = {
			isa = XCBuildConfiguration;
			buildSettings = {
				ALWAYS_SEARCH_USER_PATHS = NO;
				CLANG_ANALYZER_NONNULL = YES;
				CLANG_ANALYZER_NUMBER_OBJECT_CONVERSION = YES_AGGRESSIVE;
				CLANG_CXX_LANGUAGE_STANDARD = "gnu++14";
				CLANG_CXX_LIBRARY = "libc++";
				CLANG_ENABLE_MODULES = YES;
				CLANG_ENABLE_OBJC_ARC = YES;
				CLANG_ENABLE_OBJC_WEAK = YES;
				CLANG_WARN_BLOCK_CAPTURE_AUTORELEASING = YES;
				CLANG_WARN_BOOL_CONVERSION = YES;
				CLANG_WARN_COMMA = YES;
				CLANG_WARN_CONSTANT_CONVERSION = YES;
				CLANG_WARN_DEPRECATED_OBJC_IMPLEMENTATIONS = YES;
				CLANG_WARN_DIRECT_OBJC_ISA_USAGE = YES_ERROR;
				CLANG_WARN_DOCUMENTATION_COMMENTS = YES;
				CLANG_WARN_EMPTY_BODY = YES;
				CLANG_WARN_ENUM_CONVERSION = YES;
				CLANG_WARN_INFINITE_RECURSION = YES;
				CLANG_WARN_INT_CONVERSION = YES;
				CLANG_WARN_NON_LITERAL_NULL_CONVERSION = YES;
				CLANG_WARN_OBJC_IMPLICIT_RETAIN_SELF = YES;
				CLANG_WARN_OBJC_LITERAL_CONVERSION = YES;
				CLANG_WARN_OBJC_ROOT_CLASS = YES_ERROR;
				CLANG_WARN_QUOTED_INCLUDE_IN_FRAMEWORK_HEADER = YES;
				CLANG_WARN_RANGE_LOOP_ANALYSIS = YES;
				CLANG_WARN_STRICT_PROTOTYPES = YES;
				CLANG_WARN_SUSPICIOUS_MOVE = YES;
				CLANG_WARN_UNGUARDED_AVAILABILITY = YES_AGGRESSIVE;
				CLANG_WARN_UNREACHABLE_CODE = YES;
				CLANG_WARN__DUPLICATE_METHOD_MATCH = YES;
				COPY_PHASE_STRIP = NO;
				DEBUG_INFORMATION_FORMAT = "dwarf-with-dsym";
				ENABLE_NS_ASSERTIONS = NO;
				ENABLE_STRICT_OBJC_MSGSEND = YES;
				GCC_C_LANGUAGE_STANDARD = gnu11;
				GCC_NO_COMMON_BLOCKS = YES;
				GCC_WARN_64_TO_32_BIT_CONVERSION = YES;
				GCC_WARN_ABOUT_RETURN_TYPE = YES_ERROR;
				GCC_WARN_UNDECLARED_SELECTOR = YES;
				GCC_WARN_UNINITIALIZED_AUTOS = YES_AGGRESSIVE;
				GCC_WARN_UNUSED_FUNCTION = YES;
				GCC_WARN_UNUSED_VARIABLE = YES;
				IPHONEOS_DEPLOYMENT_TARGET = 14.5;
				MTL_ENABLE_DEBUG_INFO = NO;
				MTL_FAST_MATH = YES;
				SDKROOT = iphoneos;
				SWIFT_COMPILATION_MODE = wholemodule;
				SWIFT_OPTIMIZATION_LEVEL = "-O";
				VALIDATE_PRODUCT = YES;
			};
			name = Release;
		};
		15D3875F2680F5FA005A929B /* Debug */ = {
			isa = XCBuildConfiguration;
			buildSettings = {
				ASSETCATALOG_COMPILER_APPICON_NAME = AppIcon;
				ASSETCATALOG_COMPILER_GLOBAL_ACCENT_COLOR_NAME = AccentColor;
				CODE_SIGN_STYLE = Automatic;
				DEVELOPMENT_ASSET_PATHS = "\"Project-8-Moonshot-SwiftUI/Preview Content\"";
				DEVELOPMENT_TEAM = ETARS989MB;
				ENABLE_PREVIEWS = YES;
				INFOPLIST_FILE = "Project-8-Moonshot-SwiftUI/Info.plist";
				IPHONEOS_DEPLOYMENT_TARGET = 14.0;
				LD_RUNPATH_SEARCH_PATHS = (
					"$(inherited)",
					"@executable_path/Frameworks",
				);
				PRODUCT_BUNDLE_IDENTIFIER = "com.baris.Project-8-Moonshot-SwiftUI";
				PRODUCT_NAME = "$(TARGET_NAME)";
				SWIFT_VERSION = 5.0;
				TARGETED_DEVICE_FAMILY = "1,2";
			};
			name = Debug;
		};
		15D387602680F5FA005A929B /* Release */ = {
			isa = XCBuildConfiguration;
			buildSettings = {
				ASSETCATALOG_COMPILER_APPICON_NAME = AppIcon;
				ASSETCATALOG_COMPILER_GLOBAL_ACCENT_COLOR_NAME = AccentColor;
				CODE_SIGN_STYLE = Automatic;
				DEVELOPMENT_ASSET_PATHS = "\"Project-8-Moonshot-SwiftUI/Preview Content\"";
				DEVELOPMENT_TEAM = ETARS989MB;
				ENABLE_PREVIEWS = YES;
				INFOPLIST_FILE = "Project-8-Moonshot-SwiftUI/Info.plist";
				IPHONEOS_DEPLOYMENT_TARGET = 14.0;
				LD_RUNPATH_SEARCH_PATHS = (
					"$(inherited)",
					"@executable_path/Frameworks",
				);
				PRODUCT_BUNDLE_IDENTIFIER = "com.baris.Project-8-Moonshot-SwiftUI";
				PRODUCT_NAME = "$(TARGET_NAME)";
				SWIFT_VERSION = 5.0;
				TARGETED_DEVICE_FAMILY = "1,2";
			};
			name = Release;
		};
/* End XCBuildConfiguration section */

/* Begin XCConfigurationList section */
		15D3874A2680F5F5005A929B /* Build configuration list for PBXProject "Project-8-Moonshot-SwiftUI" */ = {
			isa = XCConfigurationList;
			buildConfigurations = (
				15D3875C2680F5FA005A929B /* Debug */,
				15D3875D2680F5FA005A929B /* Release */,
			);
			defaultConfigurationIsVisible = 0;
			defaultConfigurationName = Release;
		};
		15D3875E2680F5FA005A929B /* Build configuration list for PBXNativeTarget "Project-8-Moonshot-SwiftUI" */ = {
			isa = XCConfigurationList;
			buildConfigurations = (
				15D3875F2680F5FA005A929B /* Debug */,
				15D387602680F5FA005A929B /* Release */,
			);
			defaultConfigurationIsVisible = 0;
			defaultConfigurationName = Release;
		};
/* End XCConfigurationList section */
	};
	rootObject = 15D387472680F5F5005A929B /* Project object */;
}
